
Microsoft Visual Studio Solution File, Format Version 12.00
# Visual Studio Version 17
VisualStudioVersion = 17.11.35303.130
MinimumVisualStudioVersion = 10.0.40219.1
Project("{FAE04EC0-301F-11D3-BF4B-00C04F79EFBC}") = "BookDonorsAPI", "BookDonorsAPI\BookDonorsAPI.csproj", "{B4924713-636B-40FF-A3B3-B59F5EA5B96F}"
EndProject
Global
	GlobalSection(SolutionConfigurationPlatforms) = preSolution
		Debug|Any CPU = Debug|Any CPU
		Release|Any CPU = Release|Any CPU
	EndGlobalSection
	GlobalSection(ProjectConfigurationPlatforms) = postSolution
		{B4924713-636B-40FF-A3B3-B59F5EA5B96F}.Debug|Any CPU.ActiveCfg = Debug|Any CPU
		{B4924713-636B-40FF-A3B3-B59F5EA5B96F}.Debug|Any CPU.Build.0 = Debug|Any CPU
		{B4924713-636B-40FF-A3B3-B59F5EA5B96F}.Release|Any CPU.ActiveCfg = Release|Any CPU
		{B4924713-636B-40FF-A3B3-B59F5EA5B96F}.Release|Any CPU.Build.0 = Release|Any CPU
	EndGlobalSection
	GlobalSection(SolutionProperties) = preSolution
		HideSolutionNode = FALSE
	EndGlobalSection
	GlobalSection(ExtensibilityGlobals) = postSolution
		SolutionGuid = {9875ABC4-8DC9-470C-87E7-C217E2B515CE}
	EndGlobalSection
EndGlobal
